
Microsoft Visual Studio Solution File, Format Version 12.00
# Visual Studio 15
Project("{FAE04EC0-301F-11D3-BF4B-00C04F79EFBC}") = "Assembly-CSharp", "Assembly-CSharp.csproj", "{4E991F2C-52B0-751A-81A2-C7C0B973BADF}"
EndProject
Project("{FAE04EC0-301F-11D3-BF4B-00C04F79EFBC}") = "Assembly-CSharp-Editor", "Assembly-CSharp-Editor.csproj", "{925E8088-3C47-5123-0D2B-2F379A87A3C8}"
EndProject
Global
	GlobalSection(SolutionConfigurationPlatforms) = preSolution
		Debug|Any CPU = Debug|Any CPU
		Release|Any CPU = Release|Any CPU
	EndGlobalSection
	GlobalSection(ProjectConfigurationPlatforms) = postSolution
		{4E991F2C-52B0-751A-81A2-C7C0B973BADF}.Debug|Any CPU.ActiveCfg = Debug|Any CPU
		{4E991F2C-52B0-751A-81A2-C7C0B973BADF}.Debug|Any CPU.Build.0 = Debug|Any CPU
		{4E991F2C-52B0-751A-81A2-C7C0B973BADF}.Release|Any CPU.ActiveCfg = Release|Any CPU
		{4E991F2C-52B0-751A-81A2-C7C0B973BADF}.Release|Any CPU.Build.0 = Release|Any CPU
		{925E8088-3C47-5123-0D2B-2F379A87A3C8}.Debug|Any CPU.ActiveCfg = Debug|Any CPU
		{925E8088-3C47-5123-0D2B-2F379A87A3C8}.Debug|Any CPU.Build.0 = Debug|Any CPU
		{925E8088-3C47-5123-0D2B-2F379A87A3C8}.Release|Any CPU.ActiveCfg = Release|Any CPU
		{925E8088-3C47-5123-0D2B-2F379A87A3C8}.Release|Any CPU.Build.0 = Release|Any CPU
	EndGlobalSection
	GlobalSection(SolutionProperties) = preSolution
		HideSolutionNode = FALSE
	EndGlobalSection
EndGlobal
