
Microsoft Visual Studio Solution File, Format Version 12.00
# Visual Studio 15
Project("{FAE04EC0-301F-11D3-BF4B-00C04F79EFBC}") = "Assembly-CSharp", "Assembly-CSharp.csproj", "{CD414DA3-7AE8-9D74-AC6F-49B971A8E8A7}"
EndProject
Project("{FAE04EC0-301F-11D3-BF4B-00C04F79EFBC}") = "Assembly-CSharp-Editor", "Assembly-CSharp-Editor.csproj", "{6D5A32A4-09BE-AF2E-2750-06077E887D1D}"
EndProject
Global
	GlobalSection(SolutionConfigurationPlatforms) = preSolution
		Debug|Any CPU = Debug|Any CPU
		Release|Any CPU = Release|Any CPU
	EndGlobalSection
	GlobalSection(ProjectConfigurationPlatforms) = postSolution
		{CD414DA3-7AE8-9D74-AC6F-49B971A8E8A7}.Debug|Any CPU.ActiveCfg = Debug|Any CPU
		{CD414DA3-7AE8-9D74-AC6F-49B971A8E8A7}.Debug|Any CPU.Build.0 = Debug|Any CPU
		{CD414DA3-7AE8-9D74-AC6F-49B971A8E8A7}.Release|Any CPU.ActiveCfg = Release|Any CPU
		{CD414DA3-7AE8-9D74-AC6F-49B971A8E8A7}.Release|Any CPU.Build.0 = Release|Any CPU
		{6D5A32A4-09BE-AF2E-2750-06077E887D1D}.Debug|Any CPU.ActiveCfg = Debug|Any CPU
		{6D5A32A4-09BE-AF2E-2750-06077E887D1D}.Debug|Any CPU.Build.0 = Debug|Any CPU
		{6D5A32A4-09BE-AF2E-2750-06077E887D1D}.Release|Any CPU.ActiveCfg = Release|Any CPU
		{6D5A32A4-09BE-AF2E-2750-06077E887D1D}.Release|Any CPU.Build.0 = Release|Any CPU
	EndGlobalSection
	GlobalSection(SolutionProperties) = preSolution
		HideSolutionNode = FALSE
	EndGlobalSection
EndGlobal
